
Microsoft Visual Studio Solution File, Format Version 12.00
# Visual Studio 2012
Project("{FAE04EC0-301F-11D3-BF4B-00C04F79EFBC}") = "Modul4For001", "Modul4For001\Modul4For001.csproj", "{AB8A8992-480B-4CFE-98F6-BDD30B195C5A}"
EndProject
Global
	GlobalSection(SolutionConfigurationPlatforms) = preSolution
		Debug|x86 = Debug|x86
		Release|x86 = Release|x86
	EndGlobalSection
	GlobalSection(ProjectConfigurationPlatforms) = postSolution
		{AB8A8992-480B-4CFE-98F6-BDD30B195C5A}.Debug|x86.ActiveCfg = Debug|x86
		{AB8A8992-480B-4CFE-98F6-BDD30B195C5A}.Debug|x86.Build.0 = Debug|x86
		{AB8A8992-480B-4CFE-98F6-BDD30B195C5A}.Release|x86.ActiveCfg = Release|x86
		{AB8A8992-480B-4CFE-98F6-BDD30B195C5A}.Release|x86.Build.0 = Release|x86
	EndGlobalSection
EndGlobal
