
Microsoft Visual Studio Solution File, Format Version 12.00
# Visual Studio 2012
Project("{FAE04EC0-301F-11D3-BF4B-00C04F79EFBC}") = "ModulNew03", "ModulNew03\ModulNew03.csproj", "{E003D04E-43EC-4DB5-ADE0-721F69C7DB05}"
EndProject
Project("{FAE04EC0-301F-11D3-BF4B-00C04F79EFBC}") = "BoolExplore", "BoolExplore\BoolExplore.csproj", "{FD26C70E-B8F3-4398-AD44-B994DBA16B6C}"
EndProject
Project("{FAE04EC0-301F-11D3-BF4B-00C04F79EFBC}") = "BoolExplore2", "BoolExplore2\BoolExplore2.csproj", "{9BD33E06-F00F-4780-8831-51D105015E24}"
EndProject
Project("{FAE04EC0-301F-11D3-BF4B-00C04F79EFBC}") = "BoolSwitch", "BoolSwitch\BoolSwitch.csproj", "{6305E75B-5A32-47EA-9D31-E08008FCCFC1}"
EndProject
Project("{FAE04EC0-301F-11D3-BF4B-00C04F79EFBC}") = "BoolTryCatch", "BoolTryCatch\BoolTryCatch.csproj", "{D1E25AAC-366D-4229-868A-09A442D41F0E}"
EndProject
Project("{FAE04EC0-301F-11D3-BF4B-00C04F79EFBC}") = "OperatorFor", "OperatorFor\OperatorFor.csproj", "{48766D59-7894-4A34-9D47-A7E2839F7103}"
EndProject
Global
	GlobalSection(SolutionConfigurationPlatforms) = preSolution
		Debug|x86 = Debug|x86
		Release|x86 = Release|x86
	EndGlobalSection
	GlobalSection(ProjectConfigurationPlatforms) = postSolution
		{48766D59-7894-4A34-9D47-A7E2839F7103}.Debug|x86.ActiveCfg = Debug|x86
		{48766D59-7894-4A34-9D47-A7E2839F7103}.Debug|x86.Build.0 = Debug|x86
		{48766D59-7894-4A34-9D47-A7E2839F7103}.Release|x86.ActiveCfg = Release|x86
		{48766D59-7894-4A34-9D47-A7E2839F7103}.Release|x86.Build.0 = Release|x86
		{6305E75B-5A32-47EA-9D31-E08008FCCFC1}.Debug|x86.ActiveCfg = Debug|x86
		{6305E75B-5A32-47EA-9D31-E08008FCCFC1}.Debug|x86.Build.0 = Debug|x86
		{6305E75B-5A32-47EA-9D31-E08008FCCFC1}.Release|x86.ActiveCfg = Release|x86
		{6305E75B-5A32-47EA-9D31-E08008FCCFC1}.Release|x86.Build.0 = Release|x86
		{9BD33E06-F00F-4780-8831-51D105015E24}.Debug|x86.ActiveCfg = Debug|x86
		{9BD33E06-F00F-4780-8831-51D105015E24}.Debug|x86.Build.0 = Debug|x86
		{9BD33E06-F00F-4780-8831-51D105015E24}.Release|x86.ActiveCfg = Release|x86
		{9BD33E06-F00F-4780-8831-51D105015E24}.Release|x86.Build.0 = Release|x86
		{D1E25AAC-366D-4229-868A-09A442D41F0E}.Debug|x86.ActiveCfg = Debug|x86
		{D1E25AAC-366D-4229-868A-09A442D41F0E}.Debug|x86.Build.0 = Debug|x86
		{D1E25AAC-366D-4229-868A-09A442D41F0E}.Release|x86.ActiveCfg = Release|x86
		{D1E25AAC-366D-4229-868A-09A442D41F0E}.Release|x86.Build.0 = Release|x86
		{E003D04E-43EC-4DB5-ADE0-721F69C7DB05}.Debug|x86.ActiveCfg = Debug|x86
		{E003D04E-43EC-4DB5-ADE0-721F69C7DB05}.Debug|x86.Build.0 = Debug|x86
		{E003D04E-43EC-4DB5-ADE0-721F69C7DB05}.Release|x86.ActiveCfg = Release|x86
		{E003D04E-43EC-4DB5-ADE0-721F69C7DB05}.Release|x86.Build.0 = Release|x86
		{FD26C70E-B8F3-4398-AD44-B994DBA16B6C}.Debug|x86.ActiveCfg = Debug|x86
		{FD26C70E-B8F3-4398-AD44-B994DBA16B6C}.Debug|x86.Build.0 = Debug|x86
		{FD26C70E-B8F3-4398-AD44-B994DBA16B6C}.Release|x86.ActiveCfg = Release|x86
		{FD26C70E-B8F3-4398-AD44-B994DBA16B6C}.Release|x86.Build.0 = Release|x86
	EndGlobalSection
EndGlobal
