
Microsoft Visual Studio Solution File, Format Version 12.00
# Visual Studio 2012
Project("{FAE04EC0-301F-11D3-BF4B-00C04F79EFBC}") = "Modul4a", "Modul4a\Modul4a.csproj", "{2FDEDF56-1EDB-4B98-AB1F-B3268B110CD2}"
EndProject
Global
	GlobalSection(SolutionConfigurationPlatforms) = preSolution
		Debug|x86 = Debug|x86
		Release|x86 = Release|x86
	EndGlobalSection
	GlobalSection(ProjectConfigurationPlatforms) = postSolution
		{2FDEDF56-1EDB-4B98-AB1F-B3268B110CD2}.Debug|x86.ActiveCfg = Debug|x86
		{2FDEDF56-1EDB-4B98-AB1F-B3268B110CD2}.Debug|x86.Build.0 = Debug|x86
		{2FDEDF56-1EDB-4B98-AB1F-B3268B110CD2}.Release|x86.ActiveCfg = Release|x86
		{2FDEDF56-1EDB-4B98-AB1F-B3268B110CD2}.Release|x86.Build.0 = Release|x86
	EndGlobalSection
EndGlobal
